
Microsoft Visual Studio Solution File, Format Version 12.00
# Visual Studio 14
VisualStudioVersion = 14.0.25420.1
MinimumVisualStudioVersion = 10.0.40219.1
Project("{FAE04EC0-301F-11D3-BF4B-00C04F79EFBC}") = "OpenTSDBApiWrapper", "OpenTSDBApiWrapper\OpenTSDBApiWrapper.csproj", "{E97D5DBE-94B5-44C5-94DE-4FE8878F2C7F}"
EndProject
Project("{FAE04EC0-301F-11D3-BF4B-00C04F79EFBC}") = "OpenTSDBApiWrapper.Test", "OpenTSDBApiWrapper.Test\OpenTSDBApiWrapper.Test.csproj", "{129F9E4A-022D-4CF8-A6DA-6F46B76A81FD}"
EndProject
Project("{FAE04EC0-301F-11D3-BF4B-00C04F79EFBC}") = "Opentsdb.ClientConsole", "Opentsdb.ClientConsole\Opentsdb.ClientConsole.csproj", "{1B921A2F-0E70-49B3-8AC8-0A88E1286BCA}"
EndProject
Global
	GlobalSection(SolutionConfigurationPlatforms) = preSolution
		Debug|x64 = Debug|x64
		Release|x64 = Release|x64
	EndGlobalSection
	GlobalSection(ProjectConfigurationPlatforms) = postSolution
		{E97D5DBE-94B5-44C5-94DE-4FE8878F2C7F}.Debug|x64.ActiveCfg = Debug|x64
		{E97D5DBE-94B5-44C5-94DE-4FE8878F2C7F}.Debug|x64.Build.0 = Debug|x64
		{E97D5DBE-94B5-44C5-94DE-4FE8878F2C7F}.Release|x64.ActiveCfg = Release|x64
		{E97D5DBE-94B5-44C5-94DE-4FE8878F2C7F}.Release|x64.Build.0 = Release|x64
		{129F9E4A-022D-4CF8-A6DA-6F46B76A81FD}.Debug|x64.ActiveCfg = Debug|x64
		{129F9E4A-022D-4CF8-A6DA-6F46B76A81FD}.Debug|x64.Build.0 = Debug|x64
		{129F9E4A-022D-4CF8-A6DA-6F46B76A81FD}.Release|x64.ActiveCfg = Release|x64
		{129F9E4A-022D-4CF8-A6DA-6F46B76A81FD}.Release|x64.Build.0 = Release|x64
		{1B921A2F-0E70-49B3-8AC8-0A88E1286BCA}.Debug|x64.ActiveCfg = Debug|x64
		{1B921A2F-0E70-49B3-8AC8-0A88E1286BCA}.Debug|x64.Build.0 = Debug|x64
		{1B921A2F-0E70-49B3-8AC8-0A88E1286BCA}.Release|x64.ActiveCfg = Release|x64
		{1B921A2F-0E70-49B3-8AC8-0A88E1286BCA}.Release|x64.Build.0 = Release|x64
	EndGlobalSection
	GlobalSection(SolutionProperties) = preSolution
		HideSolutionNode = FALSE
	EndGlobalSection
	GlobalSection(TeamFoundationVersionControl) = preSolution
		SccNumberOfProjects = 4
		SccEnterpriseProvider = {4CA58AB2-18FA-4F8D-95D4-32DDF27D184C}
		SccTeamFoundationServer = http://cp-tfs-02:8080/tfs/defaultcollection
		SccLocalPath0 = .
		SccProjectUniqueName1 = Opentsdb.ClientConsole\\Opentsdb.ClientConsole.csproj
		SccProjectName1 = Opentsdb.ClientConsole
		SccLocalPath1 = Opentsdb.ClientConsole
		SccProjectUniqueName2 = OpenTSDBApiWrapper.Test\\OpenTSDBApiWrapper.Test.csproj
		SccProjectName2 = OpenTSDBApiWrapper.Test
		SccLocalPath2 = OpenTSDBApiWrapper.Test
		SccProjectUniqueName3 = OpenTSDBApiWrapper\\OpenTSDBApiWrapper.csproj
		SccProjectName3 = OpenTSDBApiWrapper
		SccLocalPath3 = OpenTSDBApiWrapper
	EndGlobalSection
EndGlobal
